github.com/f-secure-foundry/tamago v0.0.0-20210120185021-8387bb5064a1 h1:un4OVswTP2xNoXwTbW616QIbKgf9kLEnEmPBDZFYB3w=
github.com/f-secure-foundry/tamago v0.0.0-20210120185021-8387bb5064a1/go.mod h1:+xmhdYxGfaNhWUZ/F1mbwFu38H73slg/k/oPjOL7tc8=
github.com/rakyll/statik v0.1.7 h1:OF3QCZUuyPxuGEP7B4ypUa7sB/iHtqOTDYZXGM8KOdQ=
github.com/rakyll/statik v0.1.7/go.mod h1:AlZONWzMtEnMs7W4e/1LURLiI49pIMmp6V9Unghqrcc=
